// !$*UTF8*$!
{
	archiveVersion = 1;
	classes = {
	};
	objectVersion = 55;
	objects = {

/* Begin PBXBuildFile section */
		4D295EAF282D41E400BF54CB /* WeatherDiaryViewController.swift in Sources */ = {isa = PBXBuildFile; fileRef = 4D295EAE282D41E400BF54CB /* WeatherDiaryViewController.swift */; };
		4D295EB4282D523300BF54CB /* WeatherNoteCell.swift in Sources */ = {isa = PBXBuildFile; fileRef = 4D295EB3282D523300BF54CB /* WeatherNoteCell.swift */; };
		4D295EB6282D524C00BF54CB /* WeatherDiaryAssembly.swift in Sources */ = {isa = PBXBuildFile; fileRef = 4D295EB5282D524C00BF54CB /* WeatherDiaryAssembly.swift */; };
		4D482192282A6F26007E04E7 /* WeatherButton.swift in Sources */ = {isa = PBXBuildFile; fileRef = 4D482191282A6F26007E04E7 /* WeatherButton.swift */; };
		4D4F82182823FC0C0051C1E3 /* AppDelegate.swift in Sources */ = {isa = PBXBuildFile; fileRef = 4D4F82172823FC0C0051C1E3 /* AppDelegate.swift */; };
		4D4F821A2823FC0C0051C1E3 /* SceneDelegate.swift in Sources */ = {isa = PBXBuildFile; fileRef = 4D4F82192823FC0C0051C1E3 /* SceneDelegate.swift */; };
		4D4F821C2823FC0C0051C1E3 /* CurrentWeatherViewController.swift in Sources */ = {isa = PBXBuildFile; fileRef = 4D4F821B2823FC0C0051C1E3 /* CurrentWeatherViewController.swift */; };
		4D4F82212823FC100051C1E3 /* Assets.xcassets in Resources */ = {isa = PBXBuildFile; fileRef = 4D4F82202823FC100051C1E3 /* Assets.xcassets */; };
		4D4F82242823FC100051C1E3 /* LaunchScreen.storyboard in Resources */ = {isa = PBXBuildFile; fileRef = 4D4F82222823FC100051C1E3 /* LaunchScreen.storyboard */; };
		4D4F822F2823FF1A0051C1E3 /* AppFonts.swift in Sources */ = {isa = PBXBuildFile; fileRef = 4D4F822E2823FF1A0051C1E3 /* AppFonts.swift */; };
		4D4F8233282405DE0051C1E3 /* Overpass-Bold.ttf in Resources */ = {isa = PBXBuildFile; fileRef = 4D4F822B2823FE650051C1E3 /* Overpass-Bold.ttf */; };
		4D4F8234282405E00051C1E3 /* Overpass-Regular.ttf in Resources */ = {isa = PBXBuildFile; fileRef = 4D4F822C2823FE6D0051C1E3 /* Overpass-Regular.ttf */; };
		4D77F10D282F854800A1FF64 /* WeatherNoteViewCotroller.swift in Sources */ = {isa = PBXBuildFile; fileRef = 4D77F10C282F854800A1FF64 /* WeatherNoteViewCotroller.swift */; };
		4D77F10F282F87FF00A1FF64 /* NoteTextFieldView.swift in Sources */ = {isa = PBXBuildFile; fileRef = 4D77F10E282F87FF00A1FF64 /* NoteTextFieldView.swift */; };
		4D77F111282F9CFE00A1FF64 /* Assets.swift in Sources */ = {isa = PBXBuildFile; fileRef = 4D77F110282F9CFE00A1FF64 /* Assets.swift */; };
		4D83491F282563F700BDEB84 /* Colors.swift in Sources */ = {isa = PBXBuildFile; fileRef = 4D83491E282563F700BDEB84 /* Colors.swift */; };
		4D83492628263D7A00BDEB84 /* SnapKit in Frameworks */ = {isa = PBXBuildFile; productRef = 4D83492528263D7A00BDEB84 /* SnapKit */; };
		4D83492828263E0200BDEB84 /* WeatherWidgetView.swift in Sources */ = {isa = PBXBuildFile; fileRef = 4D83492728263E0200BDEB84 /* WeatherWidgetView.swift */; };
		4D83492C282647A900BDEB84 /* SectionWithSeparatorView.swift in Sources */ = {isa = PBXBuildFile; fileRef = 4D83492B282647A900BDEB84 /* SectionWithSeparatorView.swift */; };
		4DA1ED7A282C008100AADF61 /* DateConverterTests.swift in Sources */ = {isa = PBXBuildFile; fileRef = 4DA1ED79282C008100AADF61 /* DateConverterTests.swift */; };
		4DA1ED87282C008B00AADF61 /* WeatherAppUITests.swift in Sources */ = {isa = PBXBuildFile; fileRef = 4DA1ED86282C008B00AADF61 /* WeatherAppUITests.swift */; };
		4DA1ED90282C00E900AADF61 /* DateConverter.swift in Sources */ = {isa = PBXBuildFile; fileRef = 4DA1ED8F282C00E900AADF61 /* DateConverter.swift */; };
		4DA1ED95282C11E300AADF61 /* WeatherType.swift in Sources */ = {isa = PBXBuildFile; fileRef = 4DA1ED94282C11E300AADF61 /* WeatherType.swift */; };
		4DA1ED97282C145C00AADF61 /* TabBarAssembly.swift in Sources */ = {isa = PBXBuildFile; fileRef = 4DA1ED96282C145C00AADF61 /* TabBarAssembly.swift */; };
		4DE31345282669A6004855F4 /* CurrentWeatherViewModel.swift in Sources */ = {isa = PBXBuildFile; fileRef = 4DE31344282669A6004855F4 /* CurrentWeatherViewModel.swift */; };
		4DE3134728267911004855F4 /* CurrentWeatherAssembly.swift in Sources */ = {isa = PBXBuildFile; fileRef = 4DE3134628267911004855F4 /* CurrentWeatherAssembly.swift */; };
/* End PBXBuildFile section */

/* Begin PBXContainerItemProxy section */
		4DA1ED7B282C008100AADF61 /* PBXContainerItemProxy */ = {
			isa = PBXContainerItemProxy;
			containerPortal = 4D4F820C2823FC0C0051C1E3 /* Project object */;
			proxyType = 1;
			remoteGlobalIDString = 4D4F82132823FC0C0051C1E3;
			remoteInfo = WeatherApp;
		};
		4DA1ED8A282C008B00AADF61 /* PBXContainerItemProxy */ = {
			isa = PBXContainerItemProxy;
			containerPortal = 4D4F820C2823FC0C0051C1E3 /* Project object */;
			proxyType = 1;
			remoteGlobalIDString = 4D4F82132823FC0C0051C1E3;
			remoteInfo = WeatherApp;
		};
/* End PBXContainerItemProxy section */

/* Begin PBXFileReference section */
		4D295EAE282D41E400BF54CB /* WeatherDiaryViewController.swift */ = {isa = PBXFileReference; lastKnownFileType = sourcecode.swift; path = WeatherDiaryViewController.swift; sourceTree = "<group>"; };
		4D295EB3282D523300BF54CB /* WeatherNoteCell.swift */ = {isa = PBXFileReference; lastKnownFileType = sourcecode.swift; path = WeatherNoteCell.swift; sourceTree = "<group>"; };
		4D295EB5282D524C00BF54CB /* WeatherDiaryAssembly.swift */ = {isa = PBXFileReference; lastKnownFileType = sourcecode.swift; path = WeatherDiaryAssembly.swift; sourceTree = "<group>"; };
		4D482191282A6F26007E04E7 /* WeatherButton.swift */ = {isa = PBXFileReference; lastKnownFileType = sourcecode.swift; path = WeatherButton.swift; sourceTree = "<group>"; };
		4D4F82142823FC0C0051C1E3 /* WeatherApp.app */ = {isa = PBXFileReference; explicitFileType = wrapper.application; includeInIndex = 0; path = WeatherApp.app; sourceTree = BUILT_PRODUCTS_DIR; };
		4D4F82172823FC0C0051C1E3 /* AppDelegate.swift */ = {isa = PBXFileReference; lastKnownFileType = sourcecode.swift; path = AppDelegate.swift; sourceTree = "<group>"; };
		4D4F82192823FC0C0051C1E3 /* SceneDelegate.swift */ = {isa = PBXFileReference; lastKnownFileType = sourcecode.swift; path = SceneDelegate.swift; sourceTree = "<group>"; };
		4D4F821B2823FC0C0051C1E3 /* CurrentWeatherViewController.swift */ = {isa = PBXFileReference; lastKnownFileType = sourcecode.swift; path = CurrentWeatherViewController.swift; sourceTree = "<group>"; };
		4D4F82202823FC100051C1E3 /* Assets.xcassets */ = {isa = PBXFileReference; lastKnownFileType = folder.assetcatalog; path = Assets.xcassets; sourceTree = "<group>"; };
		4D4F82232823FC100051C1E3 /* Base */ = {isa = PBXFileReference; lastKnownFileType = file.storyboard; name = Base; path = Base.lproj/LaunchScreen.storyboard; sourceTree = "<group>"; };
		4D4F82252823FC100051C1E3 /* Info.plist */ = {isa = PBXFileReference; lastKnownFileType = text.plist.xml; path = Info.plist; sourceTree = "<group>"; };
		4D4F822B2823FE650051C1E3 /* Overpass-Bold.ttf */ = {isa = PBXFileReference; lastKnownFileType = file; path = "Overpass-Bold.ttf"; sourceTree = "<group>"; };
		4D4F822C2823FE6D0051C1E3 /* Overpass-Regular.ttf */ = {isa = PBXFileReference; lastKnownFileType = file; path = "Overpass-Regular.ttf"; sourceTree = "<group>"; };
		4D4F822E2823FF1A0051C1E3 /* AppFonts.swift */ = {isa = PBXFileReference; lastKnownFileType = sourcecode.swift; path = AppFonts.swift; sourceTree = "<group>"; };
		4D77F10C282F854800A1FF64 /* WeatherNoteViewCotroller.swift */ = {isa = PBXFileReference; lastKnownFileType = sourcecode.swift; path = WeatherNoteViewCotroller.swift; sourceTree = "<group>"; };
		4D77F10E282F87FF00A1FF64 /* NoteTextFieldView.swift */ = {isa = PBXFileReference; lastKnownFileType = sourcecode.swift; path = NoteTextFieldView.swift; sourceTree = "<group>"; };
		4D77F110282F9CFE00A1FF64 /* Assets.swift */ = {isa = PBXFileReference; lastKnownFileType = sourcecode.swift; path = Assets.swift; sourceTree = "<group>"; };
		4D83491E282563F700BDEB84 /* Colors.swift */ = {isa = PBXFileReference; lastKnownFileType = sourcecode.swift; path = Colors.swift; sourceTree = "<group>"; };
		4D83492728263E0200BDEB84 /* WeatherWidgetView.swift */ = {isa = PBXFileReference; lastKnownFileType = sourcecode.swift; path = WeatherWidgetView.swift; sourceTree = "<group>"; };
		4D83492B282647A900BDEB84 /* SectionWithSeparatorView.swift */ = {isa = PBXFileReference; lastKnownFileType = sourcecode.swift; path = SectionWithSeparatorView.swift; sourceTree = "<group>"; };
		4DA1ED77282C008100AADF61 /* WeatherAppTests.xctest */ = {isa = PBXFileReference; explicitFileType = wrapper.cfbundle; includeInIndex = 0; path = WeatherAppTests.xctest; sourceTree = BUILT_PRODUCTS_DIR; };
		4DA1ED79282C008100AADF61 /* DateConverterTests.swift */ = {isa = PBXFileReference; lastKnownFileType = sourcecode.swift; path = DateConverterTests.swift; sourceTree = "<group>"; };
		4DA1ED84282C008B00AADF61 /* WeatherAppUITests.xctest */ = {isa = PBXFileReference; explicitFileType = wrapper.cfbundle; includeInIndex = 0; path = WeatherAppUITests.xctest; sourceTree = BUILT_PRODUCTS_DIR; };
		4DA1ED86282C008B00AADF61 /* WeatherAppUITests.swift */ = {isa = PBXFileReference; lastKnownFileType = sourcecode.swift; path = WeatherAppUITests.swift; sourceTree = "<group>"; };
		4DA1ED8F282C00E900AADF61 /* DateConverter.swift */ = {isa = PBXFileReference; lastKnownFileType = sourcecode.swift; path = DateConverter.swift; sourceTree = "<group>"; };
		4DA1ED94282C11E300AADF61 /* WeatherType.swift */ = {isa = PBXFileReference; lastKnownFileType = sourcecode.swift; path = WeatherType.swift; sourceTree = "<group>"; };
		4DA1ED96282C145C00AADF61 /* TabBarAssembly.swift */ = {isa = PBXFileReference; lastKnownFileType = sourcecode.swift; path = TabBarAssembly.swift; sourceTree = "<group>"; };
		4DE31344282669A6004855F4 /* CurrentWeatherViewModel.swift */ = {isa = PBXFileReference; lastKnownFileType = sourcecode.swift; path = CurrentWeatherViewModel.swift; sourceTree = "<group>"; };
		4DE3134628267911004855F4 /* CurrentWeatherAssembly.swift */ = {isa = PBXFileReference; lastKnownFileType = sourcecode.swift; path = CurrentWeatherAssembly.swift; sourceTree = "<group>"; };
/* End PBXFileReference section */

/* Begin PBXFrameworksBuildPhase section */
		4D4F82112823FC0C0051C1E3 /* Frameworks */ = {
			isa = PBXFrameworksBuildPhase;
			buildActionMask = 2147483647;
			files = (
				4D83492628263D7A00BDEB84 /* SnapKit in Frameworks */,
			);
			runOnlyForDeploymentPostprocessing = 0;
		};
		4DA1ED74282C008100AADF61 /* Frameworks */ = {
			isa = PBXFrameworksBuildPhase;
			buildActionMask = 2147483647;
			files = (
			);
			runOnlyForDeploymentPostprocessing = 0;
		};
		4DA1ED81282C008B00AADF61 /* Frameworks */ = {
			isa = PBXFrameworksBuildPhase;
			buildActionMask = 2147483647;
			files = (
			);
			runOnlyForDeploymentPostprocessing = 0;
		};
/* End PBXFrameworksBuildPhase section */

/* Begin PBXGroup section */
		4D295EB2282D51C000BF54CB /* WeatherDiary */ = {
			isa = PBXGroup;
			children = (
				4D295EAE282D41E400BF54CB /* WeatherDiaryViewController.swift */,
				4D295EB3282D523300BF54CB /* WeatherNoteCell.swift */,
				4D295EB5282D524C00BF54CB /* WeatherDiaryAssembly.swift */,
			);
			path = WeatherDiary;
			sourceTree = "<group>";
		};
		4D482193282A7A3F007E04E7 /* ReusibleView */ = {
			isa = PBXGroup;
			children = (
				4D83492728263E0200BDEB84 /* WeatherWidgetView.swift */,
				4D83492B282647A900BDEB84 /* SectionWithSeparatorView.swift */,
				4D482191282A6F26007E04E7 /* WeatherButton.swift */,
				4D77F10E282F87FF00A1FF64 /* NoteTextFieldView.swift */,
			);
			path = ReusibleView;
			sourceTree = "<group>";
		};
		4D4F820B2823FC0C0051C1E3 = {
			isa = PBXGroup;
			children = (
				4D4F82162823FC0C0051C1E3 /* WeatherApp */,
				4DA1ED78282C008100AADF61 /* WeatherAppTests */,
				4DA1ED85282C008B00AADF61 /* WeatherAppUITests */,
				4D4F82152823FC0C0051C1E3 /* Products */,
			);
			sourceTree = "<group>";
		};
		4D4F82152823FC0C0051C1E3 /* Products */ = {
			isa = PBXGroup;
			children = (
				4D4F82142823FC0C0051C1E3 /* WeatherApp.app */,
				4DA1ED77282C008100AADF61 /* WeatherAppTests.xctest */,
				4DA1ED84282C008B00AADF61 /* WeatherAppUITests.xctest */,
			);
			name = Products;
			sourceTree = "<group>";
		};
		4D4F82162823FC0C0051C1E3 /* WeatherApp */ = {
			isa = PBXGroup;
			children = (
				4D77F10B282F852400A1FF64 /* WeatherNote */,
				4DA1ED93282C11CC00AADF61 /* Converters */,
				4DA1ED92282C119200AADF61 /* CurrentWeather */,
				4D83492328263C9400BDEB84 /* DisignSystem */,
				4D4F82252823FC100051C1E3 /* Info.plist */,
				4DA1ED91282C116B00AADF61 /* SupportingFiles */,
				4DA1ED96282C145C00AADF61 /* TabBarAssembly.swift */,
				4D295EB2282D51C000BF54CB /* WeatherDiary */,
			);
			path = WeatherApp;
			sourceTree = "<group>";
		};
		4D4F822D2823FE740051C1E3 /* Font */ = {
			isa = PBXGroup;
			children = (
				4D4F822B2823FE650051C1E3 /* Overpass-Bold.ttf */,
				4D4F822C2823FE6D0051C1E3 /* Overpass-Regular.ttf */,
				4D4F822E2823FF1A0051C1E3 /* AppFonts.swift */,
			);
			path = Font;
			sourceTree = "<group>";
		};
		4D77F10B282F852400A1FF64 /* WeatherNote */ = {
			isa = PBXGroup;
			children = (
				4D77F10C282F854800A1FF64 /* WeatherNoteViewCotroller.swift */,
			);
			path = WeatherNote;
			sourceTree = "<group>";
		};
		4D83492328263C9400BDEB84 /* DisignSystem */ = {
			isa = PBXGroup;
			children = (
				4D482193282A7A3F007E04E7 /* ReusibleView */,
				4D4F822D2823FE740051C1E3 /* Font */,
				4D83491E282563F700BDEB84 /* Colors.swift */,
			);
			path = DisignSystem;
			sourceTree = "<group>";
		};
		4DA1ED78282C008100AADF61 /* WeatherAppTests */ = {
			isa = PBXGroup;
			children = (
				4DA1ED79282C008100AADF61 /* DateConverterTests.swift */,
			);
			path = WeatherAppTests;
			sourceTree = "<group>";
		};
		4DA1ED85282C008B00AADF61 /* WeatherAppUITests */ = {
			isa = PBXGroup;
			children = (
				4DA1ED86282C008B00AADF61 /* WeatherAppUITests.swift */,
			);
			path = WeatherAppUITests;
			sourceTree = "<group>";
		};
		4DA1ED91282C116B00AADF61 /* SupportingFiles */ = {
			isa = PBXGroup;
			children = (
				4D4F82172823FC0C0051C1E3 /* AppDelegate.swift */,
				4D4F82192823FC0C0051C1E3 /* SceneDelegate.swift */,
				4D4F82202823FC100051C1E3 /* Assets.xcassets */,
				4D77F110282F9CFE00A1FF64 /* Assets.swift */,
				4D4F82222823FC100051C1E3 /* LaunchScreen.storyboard */,
			);
			path = SupportingFiles;
			sourceTree = "<group>";
		};
		4DA1ED92282C119200AADF61 /* CurrentWeather */ = {
			isa = PBXGroup;
			children = (
				4DE3134628267911004855F4 /* CurrentWeatherAssembly.swift */,
				4DE31344282669A6004855F4 /* CurrentWeatherViewModel.swift */,
				4DA1ED94282C11E300AADF61 /* WeatherType.swift */,
				4D4F821B2823FC0C0051C1E3 /* CurrentWeatherViewController.swift */,
			);
			path = CurrentWeather;
			sourceTree = "<group>";
		};
		4DA1ED93282C11CC00AADF61 /* Converters */ = {
			isa = PBXGroup;
			children = (
				4DA1ED8F282C00E900AADF61 /* DateConverter.swift */,
			);
			path = Converters;
			sourceTree = "<group>";
		};
/* End PBXGroup section */

/* Begin PBXNativeTarget section */
		4D4F82132823FC0C0051C1E3 /* WeatherApp */ = {
			isa = PBXNativeTarget;
			buildConfigurationList = 4D4F82282823FC100051C1E3 /* Build configuration list for PBXNativeTarget "WeatherApp" */;
			buildPhases = (
				4D4F82102823FC0C0051C1E3 /* Sources */,
				4D4F82112823FC0C0051C1E3 /* Frameworks */,
				4D4F82122823FC0C0051C1E3 /* Resources */,
			);
			buildRules = (
			);
			dependencies = (
			);
			name = WeatherApp;
			packageProductDependencies = (
				4D83492528263D7A00BDEB84 /* SnapKit */,
			);
			productName = WeatherApp;
			productReference = 4D4F82142823FC0C0051C1E3 /* WeatherApp.app */;
			productType = "com.apple.product-type.application";
		};
		4DA1ED76282C008100AADF61 /* WeatherAppTests */ = {
			isa = PBXNativeTarget;
			buildConfigurationList = 4DA1ED7F282C008100AADF61 /* Build configuration list for PBXNativeTarget "WeatherAppTests" */;
			buildPhases = (
				4DA1ED73282C008100AADF61 /* Sources */,
				4DA1ED74282C008100AADF61 /* Frameworks */,
				4DA1ED75282C008100AADF61 /* Resources */,
			);
			buildRules = (
			);
			dependencies = (
				4DA1ED7C282C008100AADF61 /* PBXTargetDependency */,
			);
			name = WeatherAppTests;
			productName = WeatherAppTests;
			productReference = 4DA1ED77282C008100AADF61 /* WeatherAppTests.xctest */;
			productType = "com.apple.product-type.bundle.unit-test";
		};
		4DA1ED83282C008B00AADF61 /* WeatherAppUITests */ = {
			isa = PBXNativeTarget;
			buildConfigurationList = 4DA1ED8C282C008B00AADF61 /* Build configuration list for PBXNativeTarget "WeatherAppUITests" */;
			buildPhases = (
				4DA1ED80282C008B00AADF61 /* Sources */,
				4DA1ED81282C008B00AADF61 /* Frameworks */,
				4DA1ED82282C008B00AADF61 /* Resources */,
			);
			buildRules = (
			);
			dependencies = (
				4DA1ED8B282C008B00AADF61 /* PBXTargetDependency */,
			);
			name = WeatherAppUITests;
			productName = WeatherAppUITests;
			productReference = 4DA1ED84282C008B00AADF61 /* WeatherAppUITests.xctest */;
			productType = "com.apple.product-type.bundle.ui-testing";
		};
/* End PBXNativeTarget section */

/* Begin PBXProject section */
		4D4F820C2823FC0C0051C1E3 /* Project object */ = {
			isa = PBXProject;
			attributes = {
				BuildIndependentTargetsInParallel = 1;
				LastSwiftUpdateCheck = 1330;
				LastUpgradeCheck = 1330;
				TargetAttributes = {
					4D4F82132823FC0C0051C1E3 = {
						CreatedOnToolsVersion = 13.3.1;
					};
					4DA1ED76282C008100AADF61 = {
						CreatedOnToolsVersion = 13.3.1;
						TestTargetID = 4D4F82132823FC0C0051C1E3;
					};
					4DA1ED83282C008B00AADF61 = {
						CreatedOnToolsVersion = 13.3.1;
						TestTargetID = 4D4F82132823FC0C0051C1E3;
					};
				};
			};
			buildConfigurationList = 4D4F820F2823FC0C0051C1E3 /* Build configuration list for PBXProject "WeatherApp" */;
			compatibilityVersion = "Xcode 13.0";
			developmentRegion = en;
			hasScannedForEncodings = 0;
			knownRegions = (
				en,
				Base,
			);
			mainGroup = 4D4F820B2823FC0C0051C1E3;
			packageReferences = (
				4D83492428263D7A00BDEB84 /* XCRemoteSwiftPackageReference "SnapKit" */,
			);
			productRefGroup = 4D4F82152823FC0C0051C1E3 /* Products */;
			projectDirPath = "";
			projectRoot = "";
			targets = (
				4D4F82132823FC0C0051C1E3 /* WeatherApp */,
				4DA1ED76282C008100AADF61 /* WeatherAppTests */,
				4DA1ED83282C008B00AADF61 /* WeatherAppUITests */,
			);
		};
/* End PBXProject section */

/* Begin PBXResourcesBuildPhase section */
		4D4F82122823FC0C0051C1E3 /* Resources */ = {
			isa = PBXResourcesBuildPhase;
			buildActionMask = 2147483647;
			files = (
				4D4F8233282405DE0051C1E3 /* Overpass-Bold.ttf in Resources */,
				4D4F82242823FC100051C1E3 /* LaunchScreen.storyboard in Resources */,
				4D4F8234282405E00051C1E3 /* Overpass-Regular.ttf in Resources */,
				4D4F82212823FC100051C1E3 /* Assets.xcassets in Resources */,
			);
			runOnlyForDeploymentPostprocessing = 0;
		};
		4DA1ED75282C008100AADF61 /* Resources */ = {
			isa = PBXResourcesBuildPhase;
			buildActionMask = 2147483647;
			files = (
			);
			runOnlyForDeploymentPostprocessing = 0;
		};
		4DA1ED82282C008B00AADF61 /* Resources */ = {
			isa = PBXResourcesBuildPhase;
			buildActionMask = 2147483647;
			files = (
			);
			runOnlyForDeploymentPostprocessing = 0;
		};
/* End PBXResourcesBuildPhase section */

/* Begin PBXSourcesBuildPhase section */
		4D4F82102823FC0C0051C1E3 /* Sources */ = {
			isa = PBXSourcesBuildPhase;
			buildActionMask = 2147483647;
			files = (
				4D4F822F2823FF1A0051C1E3 /* AppFonts.swift in Sources */,
				4D83491F282563F700BDEB84 /* Colors.swift in Sources */,
				4D295EAF282D41E400BF54CB /* WeatherDiaryViewController.swift in Sources */,
				4D77F10D282F854800A1FF64 /* WeatherNoteViewCotroller.swift in Sources */,
				4DE3134728267911004855F4 /* CurrentWeatherAssembly.swift in Sources */,
				4D4F821C2823FC0C0051C1E3 /* CurrentWeatherViewController.swift in Sources */,
				4D482192282A6F26007E04E7 /* WeatherButton.swift in Sources */,
				4DA1ED90282C00E900AADF61 /* DateConverter.swift in Sources */,
				4DA1ED97282C145C00AADF61 /* TabBarAssembly.swift in Sources */,
				4D77F111282F9CFE00A1FF64 /* Assets.swift in Sources */,
				4D77F10F282F87FF00A1FF64 /* NoteTextFieldView.swift in Sources */,
				4D4F82182823FC0C0051C1E3 /* AppDelegate.swift in Sources */,
				4D83492C282647A900BDEB84 /* SectionWithSeparatorView.swift in Sources */,
				4DE31345282669A6004855F4 /* CurrentWeatherViewModel.swift in Sources */,
				4D4F821A2823FC0C0051C1E3 /* SceneDelegate.swift in Sources */,
				4D295EB4282D523300BF54CB /* WeatherNoteCell.swift in Sources */,
				4DA1ED95282C11E300AADF61 /* WeatherType.swift in Sources */,
				4D295EB6282D524C00BF54CB /* WeatherDiaryAssembly.swift in Sources */,
				4D83492828263E0200BDEB84 /* WeatherWidgetView.swift in Sources */,
			);
			runOnlyForDeploymentPostprocessing = 0;
		};
		4DA1ED73282C008100AADF61 /* Sources */ = {
			isa = PBXSourcesBuildPhase;
			buildActionMask = 2147483647;
			files = (
				4DA1ED7A282C008100AADF61 /* DateConverterTests.swift in Sources */,
			);
			runOnlyForDeploymentPostprocessing = 0;
		};
		4DA1ED80282C008B00AADF61 /* Sources */ = {
			isa = PBXSourcesBuildPhase;
			buildActionMask = 2147483647;
			files = (
				4DA1ED87282C008B00AADF61 /* WeatherAppUITests.swift in Sources */,
			);
			runOnlyForDeploymentPostprocessing = 0;
		};
/* End PBXSourcesBuildPhase section */

/* Begin PBXTargetDependency section */
		4DA1ED7C282C008100AADF61 /* PBXTargetDependency */ = {
			isa = PBXTargetDependency;
			target = 4D4F82132823FC0C0051C1E3 /* WeatherApp */;
			targetProxy = 4DA1ED7B282C008100AADF61 /* PBXContainerItemProxy */;
		};
		4DA1ED8B282C008B00AADF61 /* PBXTargetDependency */ = {
			isa = PBXTargetDependency;
			target = 4D4F82132823FC0C0051C1E3 /* WeatherApp */;
			targetProxy = 4DA1ED8A282C008B00AADF61 /* PBXContainerItemProxy */;
		};
/* End PBXTargetDependency section */

/* Begin PBXVariantGroup section */
		4D4F82222823FC100051C1E3 /* LaunchScreen.storyboard */ = {
			isa = PBXVariantGroup;
			children = (
				4D4F82232823FC100051C1E3 /* Base */,
			);
			name = LaunchScreen.storyboard;
			sourceTree = "<group>";
		};
/* End PBXVariantGroup section */

/* Begin XCBuildConfiguration section */
		4D4F82262823FC100051C1E3 /* Debug */ = {
			isa = XCBuildConfiguration;
			buildSettings = {
				ALWAYS_SEARCH_USER_PATHS = NO;
				CLANG_ANALYZER_NONNULL = YES;
				CLANG_ANALYZER_NUMBER_OBJECT_CONVERSION = YES_AGGRESSIVE;
				CLANG_CXX_LANGUAGE_STANDARD = "gnu++17";
				CLANG_ENABLE_MODULES = YES;
				CLANG_ENABLE_OBJC_ARC = YES;
				CLANG_ENABLE_OBJC_WEAK = YES;
				CLANG_WARN_BLOCK_CAPTURE_AUTORELEASING = YES;
				CLANG_WARN_BOOL_CONVERSION = YES;
				CLANG_WARN_COMMA = YES;
				CLANG_WARN_CONSTANT_CONVERSION = YES;
				CLANG_WARN_DEPRECATED_OBJC_IMPLEMENTATIONS = YES;
				CLANG_WARN_DIRECT_OBJC_ISA_USAGE = YES_ERROR;
				CLANG_WARN_DOCUMENTATION_COMMENTS = YES;
				CLANG_WARN_EMPTY_BODY = YES;
				CLANG_WARN_ENUM_CONVERSION = YES;
				CLANG_WARN_INFINITE_RECURSION = YES;
				CLANG_WARN_INT_CONVERSION = YES;
				CLANG_WARN_NON_LITERAL_NULL_CONVERSION = YES;
				CLANG_WARN_OBJC_IMPLICIT_RETAIN_SELF = YES;
				CLANG_WARN_OBJC_LITERAL_CONVERSION = YES;
				CLANG_WARN_OBJC_ROOT_CLASS = YES_ERROR;
				CLANG_WARN_QUOTED_INCLUDE_IN_FRAMEWORK_HEADER = YES;
				CLANG_WARN_RANGE_LOOP_ANALYSIS = YES;
				CLANG_WARN_STRICT_PROTOTYPES = YES;
				CLANG_WARN_SUSPICIOUS_MOVE = YES;
				CLANG_WARN_UNGUARDED_AVAILABILITY = YES_AGGRESSIVE;
				CLANG_WARN_UNREACHABLE_CODE = YES;
				CLANG_WARN__DUPLICATE_METHOD_MATCH = YES;
				COPY_PHASE_STRIP = NO;
				DEBUG_INFORMATION_FORMAT = dwarf;
				ENABLE_STRICT_OBJC_MSGSEND = YES;
				ENABLE_TESTABILITY = YES;
				GCC_C_LANGUAGE_STANDARD = gnu11;
				GCC_DYNAMIC_NO_PIC = NO;
				GCC_NO_COMMON_BLOCKS = YES;
				GCC_OPTIMIZATION_LEVEL = 0;
				GCC_PREPROCESSOR_DEFINITIONS = (
					"DEBUG=1",
					"$(inherited)",
				);
				GCC_WARN_64_TO_32_BIT_CONVERSION = YES;
				GCC_WARN_ABOUT_RETURN_TYPE = YES_ERROR;
				GCC_WARN_UNDECLARED_SELECTOR = YES;
				GCC_WARN_UNINITIALIZED_AUTOS = YES_AGGRESSIVE;
				GCC_WARN_UNUSED_FUNCTION = YES;
				GCC_WARN_UNUSED_VARIABLE = YES;
				IPHONEOS_DEPLOYMENT_TARGET = 15.4;
				MTL_ENABLE_DEBUG_INFO = INCLUDE_SOURCE;
				MTL_FAST_MATH = YES;
				ONLY_ACTIVE_ARCH = YES;
				SDKROOT = iphoneos;
				SWIFT_ACTIVE_COMPILATION_CONDITIONS = DEBUG;
				SWIFT_OPTIMIZATION_LEVEL = "-Onone";
			};
			name = Debug;
		};
		4D4F82272823FC100051C1E3 /* Release */ = {
			isa = XCBuildConfiguration;
			buildSettings = {
				ALWAYS_SEARCH_USER_PATHS = NO;
				CLANG_ANALYZER_NONNULL = YES;
				CLANG_ANALYZER_NUMBER_OBJECT_CONVERSION = YES_AGGRESSIVE;
				CLANG_CXX_LANGUAGE_STANDARD = "gnu++17";
				CLANG_ENABLE_MODULES = YES;
				CLANG_ENABLE_OBJC_ARC = YES;
				CLANG_ENABLE_OBJC_WEAK = YES;
				CLANG_WARN_BLOCK_CAPTURE_AUTORELEASING = YES;
				CLANG_WARN_BOOL_CONVERSION = YES;
				CLANG_WARN_COMMA = YES;
				CLANG_WARN_CONSTANT_CONVERSION = YES;
				CLANG_WARN_DEPRECATED_OBJC_IMPLEMENTATIONS = YES;
				CLANG_WARN_DIRECT_OBJC_ISA_USAGE = YES_ERROR;
				CLANG_WARN_DOCUMENTATION_COMMENTS = YES;
				CLANG_WARN_EMPTY_BODY = YES;
				CLANG_WARN_ENUM_CONVERSION = YES;
				CLANG_WARN_INFINITE_RECURSION = YES;
				CLANG_WARN_INT_CONVERSION = YES;
				CLANG_WARN_NON_LITERAL_NULL_CONVERSION = YES;
				CLANG_WARN_OBJC_IMPLICIT_RETAIN_SELF = YES;
				CLANG_WARN_OBJC_LITERAL_CONVERSION = YES;
				CLANG_WARN_OBJC_ROOT_CLASS = YES_ERROR;
				CLANG_WARN_QUOTED_INCLUDE_IN_FRAMEWORK_HEADER = YES;
				CLANG_WARN_RANGE_LOOP_ANALYSIS = YES;
				CLANG_WARN_STRICT_PROTOTYPES = YES;
				CLANG_WARN_SUSPICIOUS_MOVE = YES;
				CLANG_WARN_UNGUARDED_AVAILABILITY = YES_AGGRESSIVE;
				CLANG_WARN_UNREACHABLE_CODE = YES;
				CLANG_WARN__DUPLICATE_METHOD_MATCH = YES;
				COPY_PHASE_STRIP = NO;
				DEBUG_INFORMATION_FORMAT = "dwarf-with-dsym";
				ENABLE_NS_ASSERTIONS = NO;
				ENABLE_STRICT_OBJC_MSGSEND = YES;
				GCC_C_LANGUAGE_STANDARD = gnu11;
				GCC_NO_COMMON_BLOCKS = YES;
				GCC_WARN_64_TO_32_BIT_CONVERSION = YES;
				GCC_WARN_ABOUT_RETURN_TYPE = YES_ERROR;
				GCC_WARN_UNDECLARED_SELECTOR = YES;
				GCC_WARN_UNINITIALIZED_AUTOS = YES_AGGRESSIVE;
				GCC_WARN_UNUSED_FUNCTION = YES;
				GCC_WARN_UNUSED_VARIABLE = YES;
				IPHONEOS_DEPLOYMENT_TARGET = 15.4;
				MTL_ENABLE_DEBUG_INFO = NO;
				MTL_FAST_MATH = YES;
				SDKROOT = iphoneos;
				SWIFT_COMPILATION_MODE = wholemodule;
				SWIFT_OPTIMIZATION_LEVEL = "-O";
				VALIDATE_PRODUCT = YES;
			};
			name = Release;
		};
		4D4F82292823FC100051C1E3 /* Debug */ = {
			isa = XCBuildConfiguration;
			buildSettings = {
				ASSETCATALOG_COMPILER_APPICON_NAME = AppIcon;
				ASSETCATALOG_COMPILER_GLOBAL_ACCENT_COLOR_NAME = AccentColor;
				CODE_SIGN_STYLE = Automatic;
				CURRENT_PROJECT_VERSION = 1;
				DEVELOPMENT_TEAM = 5384HA8DK2;
				GENERATE_INFOPLIST_FILE = YES;
				INFOPLIST_FILE = WeatherApp/Info.plist;
				INFOPLIST_KEY_UIApplicationSupportsIndirectInputEvents = YES;
				INFOPLIST_KEY_UILaunchStoryboardName = LaunchScreen;
				INFOPLIST_KEY_UISupportedInterfaceOrientations = UIInterfaceOrientationPortrait;
				INFOPLIST_KEY_UISupportedInterfaceOrientations_iPad = "UIInterfaceOrientationPortrait UIInterfaceOrientationPortraitUpsideDown UIInterfaceOrientationLandscapeLeft UIInterfaceOrientationLandscapeRight";
				INFOPLIST_KEY_UISupportedInterfaceOrientations_iPhone = "UIInterfaceOrientationPortrait UIInterfaceOrientationLandscapeLeft UIInterfaceOrientationLandscapeRight";
				IPHONEOS_DEPLOYMENT_TARGET = 15.0;
				LD_RUNPATH_SEARCH_PATHS = (
					"$(inherited)",
					"@executable_path/Frameworks",
				);
				MARKETING_VERSION = 1.0;
				PRODUCT_BUNDLE_IDENTIFIER = ak.or.WeatherApp;
				PRODUCT_NAME = "$(TARGET_NAME)";
				SWIFT_EMIT_LOC_STRINGS = YES;
				SWIFT_VERSION = 5.0;
				TARGETED_DEVICE_FAMILY = 1;
			};
			name = Debug;
		};
		4D4F822A2823FC100051C1E3 /* Release */ = {
			isa = XCBuildConfiguration;
			buildSettings = {
				ASSETCATALOG_COMPILER_APPICON_NAME = AppIcon;
				ASSETCATALOG_COMPILER_GLOBAL_ACCENT_COLOR_NAME = AccentColor;
				CODE_SIGN_STYLE = Automatic;
				CURRENT_PROJECT_VERSION = 1;
				DEVELOPMENT_TEAM = 5384HA8DK2;
				GENERATE_INFOPLIST_FILE = YES;
				INFOPLIST_FILE = WeatherApp/Info.plist;
				INFOPLIST_KEY_UIApplicationSupportsIndirectInputEvents = YES;
				INFOPLIST_KEY_UILaunchStoryboardName = LaunchScreen;
				INFOPLIST_KEY_UISupportedInterfaceOrientations = UIInterfaceOrientationPortrait;
				INFOPLIST_KEY_UISupportedInterfaceOrientations_iPad = "UIInterfaceOrientationPortrait UIInterfaceOrientationPortraitUpsideDown UIInterfaceOrientationLandscapeLeft UIInterfaceOrientationLandscapeRight";
				INFOPLIST_KEY_UISupportedInterfaceOrientations_iPhone = "UIInterfaceOrientationPortrait UIInterfaceOrientationLandscapeLeft UIInterfaceOrientationLandscapeRight";
				IPHONEOS_DEPLOYMENT_TARGET = 15.0;
				LD_RUNPATH_SEARCH_PATHS = (
					"$(inherited)",
					"@executable_path/Frameworks",
				);
				MARKETING_VERSION = 1.0;
				PRODUCT_BUNDLE_IDENTIFIER = ak.or.WeatherApp;
				PRODUCT_NAME = "$(TARGET_NAME)";
				SWIFT_EMIT_LOC_STRINGS = YES;
				SWIFT_VERSION = 5.0;
				TARGETED_DEVICE_FAMILY = 1;
			};
			name = Release;
		};
		4DA1ED7D282C008100AADF61 /* Debug */ = {
			isa = XCBuildConfiguration;
			buildSettings = {
				BUNDLE_LOADER = "$(TEST_HOST)";
				CODE_SIGN_STYLE = Automatic;
				CURRENT_PROJECT_VERSION = 1;
				GENERATE_INFOPLIST_FILE = YES;
				MARKETING_VERSION = 1.0;
				PRODUCT_BUNDLE_IDENTIFIER = ak.or.WeatherAppTests;
				PRODUCT_NAME = "$(TARGET_NAME)";
				SWIFT_EMIT_LOC_STRINGS = NO;
				SWIFT_VERSION = 5.0;
				TARGETED_DEVICE_FAMILY = "1,2";
				TEST_HOST = "$(BUILT_PRODUCTS_DIR)/WeatherApp.app/WeatherApp";
			};
			name = Debug;
		};
		4DA1ED7E282C008100AADF61 /* Release */ = {
			isa = XCBuildConfiguration;
			buildSettings = {
				BUNDLE_LOADER = "$(TEST_HOST)";
				CODE_SIGN_STYLE = Automatic;
				CURRENT_PROJECT_VERSION = 1;
				GENERATE_INFOPLIST_FILE = YES;
				MARKETING_VERSION = 1.0;
				PRODUCT_BUNDLE_IDENTIFIER = ak.or.WeatherAppTests;
				PRODUCT_NAME = "$(TARGET_NAME)";
				SWIFT_EMIT_LOC_STRINGS = NO;
				SWIFT_VERSION = 5.0;
				TARGETED_DEVICE_FAMILY = "1,2";
				TEST_HOST = "$(BUILT_PRODUCTS_DIR)/WeatherApp.app/WeatherApp";
			};
			name = Release;
		};
		4DA1ED8D282C008B00AADF61 /* Debug */ = {
			isa = XCBuildConfiguration;
			buildSettings = {
				CODE_SIGN_STYLE = Automatic;
				CURRENT_PROJECT_VERSION = 1;
				GENERATE_INFOPLIST_FILE = YES;
				MARKETING_VERSION = 1.0;
				PRODUCT_BUNDLE_IDENTIFIER = ak.or.WeatherAppUITests;
				PRODUCT_NAME = "$(TARGET_NAME)";
				SWIFT_EMIT_LOC_STRINGS = NO;
				SWIFT_VERSION = 5.0;
				TARGETED_DEVICE_FAMILY = "1,2";
				TEST_TARGET_NAME = WeatherApp;
			};
			name = Debug;
		};
		4DA1ED8E282C008B00AADF61 /* Release */ = {
			isa = XCBuildConfiguration;
			buildSettings = {
				CODE_SIGN_STYLE = Automatic;
				CURRENT_PROJECT_VERSION = 1;
				GENERATE_INFOPLIST_FILE = YES;
				MARKETING_VERSION = 1.0;
				PRODUCT_BUNDLE_IDENTIFIER = ak.or.WeatherAppUITests;
				PRODUCT_NAME = "$(TARGET_NAME)";
				SWIFT_EMIT_LOC_STRINGS = NO;
				SWIFT_VERSION = 5.0;
				TARGETED_DEVICE_FAMILY = "1,2";
				TEST_TARGET_NAME = WeatherApp;
			};
			name = Release;
		};
/* End XCBuildConfiguration section */

/* Begin XCConfigurationList section */
		4D4F820F2823FC0C0051C1E3 /* Build configuration list for PBXProject "WeatherApp" */ = {
			isa = XCConfigurationList;
			buildConfigurations = (
				4D4F82262823FC100051C1E3 /* Debug */,
				4D4F82272823FC100051C1E3 /* Release */,
			);
			defaultConfigurationIsVisible = 0;
			defaultConfigurationName = Release;
		};
		4D4F82282823FC100051C1E3 /* Build configuration list for PBXNativeTarget "WeatherApp" */ = {
			isa = XCConfigurationList;
			buildConfigurations = (
				4D4F82292823FC100051C1E3 /* Debug */,
				4D4F822A2823FC100051C1E3 /* Release */,
			);
			defaultConfigurationIsVisible = 0;
			defaultConfigurationName = Release;
		};
		4DA1ED7F282C008100AADF61 /* Build configuration list for PBXNativeTarget "WeatherAppTests" */ = {
			isa = XCConfigurationList;
			buildConfigurations = (
				4DA1ED7D282C008100AADF61 /* Debug */,
				4DA1ED7E282C008100AADF61 /* Release */,
			);
			defaultConfigurationIsVisible = 0;
			defaultConfigurationName = Release;
		};
		4DA1ED8C282C008B00AADF61 /* Build configuration list for PBXNativeTarget "WeatherAppUITests" */ = {
			isa = XCConfigurationList;
			buildConfigurations = (
				4DA1ED8D282C008B00AADF61 /* Debug */,
				4DA1ED8E282C008B00AADF61 /* Release */,
			);
			defaultConfigurationIsVisible = 0;
			defaultConfigurationName = Release;
		};
/* End XCConfigurationList section */

/* Begin XCRemoteSwiftPackageReference section */
		4D83492428263D7A00BDEB84 /* XCRemoteSwiftPackageReference "SnapKit" */ = {
			isa = XCRemoteSwiftPackageReference;
			repositoryURL = "https://github.com/SnapKit/SnapKit";
			requirement = {
				kind = upToNextMajorVersion;
				minimumVersion = 5.0.0;
			};
		};
/* End XCRemoteSwiftPackageReference section */

/* Begin XCSwiftPackageProductDependency section */
		4D83492528263D7A00BDEB84 /* SnapKit */ = {
			isa = XCSwiftPackageProductDependency;
			package = 4D83492428263D7A00BDEB84 /* XCRemoteSwiftPackageReference "SnapKit" */;
			productName = SnapKit;
		};
/* End XCSwiftPackageProductDependency section */
	};
	rootObject = 4D4F820C2823FC0C0051C1E3 /* Project object */;
}
